{
  "name": "Media",
  "lockfileVersion": 3,
  "requires": true,
  "packages": {
    "": {
      "dependencies": {
        "three-css3drenderer": "^1.0.1"
      }
    },
    "node_modules/three-css3drenderer": {
      "version": "1.0.1",
      "resolved": "https://registry.npmjs.org/three-css3drenderer/-/three-css3drenderer-1.0.1.tgz",
      "integrity": "sha512-yKjJMjtxNrkF3Ch4c4q15Vt+Xd48s5ckbJvJR98C/JrT82b8xUtjpbqL2E9Yotg0mC6ilMzZmvX34li2JRNw3Q==",
      "license": "MIT"
    }
  }
}
